// !$*UTF8*$!
{
	archiveVersion = 1;
	classes = {
	};
	objectVersion = 56;
	objects = {

/* Begin PBXBuildFile section */
		090B2FBC2B10D3420079CDF8 /* util.c in Sources */ = {isa = PBXBuildFile; fileRef = 090B2F902B10D3420079CDF8 /* util.c */; };
		090B2FBD2B10D3420079CDF8 /* types.h in Headers */ = {isa = PBXBuildFile; fileRef = 090B2F912B10D3420079CDF8 /* types.h */; };
		090B2FBE2B10D3420079CDF8 /* queue.c in Sources */ = {isa = PBXBuildFile; fileRef = 090B2F922B10D3420079CDF8 /* queue.c */; };
		090B2FBF2B10D3420079CDF8 /* rq.c in Sources */ = {isa = PBXBuildFile; fileRef = 090B2F932B10D3420079CDF8 /* rq.c */; };
		090B2FC12B10D3420079CDF8 /* core.c in Sources */ = {isa = PBXBuildFile; fileRef = 090B2F952B10D3420079CDF8 /* core.c */; };
		090B2FD12B10D3420079CDF8 /* mem.c in Sources */ = {isa = PBXBuildFile; fileRef = 090B2FAA2B10D3420079CDF8 /* mem.c */; };
		090B2FDA2B10D3420079CDF8 /* pci.c in Sources */ = {isa = PBXBuildFile; fileRef = 090B2FB72B10D3420079CDF8 /* pci.c */; };
		090B2FDB2B10D3420079CDF8 /* core.c in Sources */ = {isa = PBXBuildFile; fileRef = 090B2FB82B10D3420079CDF8 /* core.c */; };
		0922B0512B10CCC1009CC5FF /* DriverKit.framework in Frameworks */ = {isa = PBXBuildFile; fileRef = 0922B0502B10CCC1009CC5FF /* DriverKit.framework */; };
		0922B0542B10CCC1009CC5FF /* MacVFN.cpp in Sources */ = {isa = PBXBuildFile; fileRef = 0922B0532B10CCC1009CC5FF /* MacVFN.cpp */; };
		0922B0562B10CCC1009CC5FF /* MacVFN.iig in Sources */ = {isa = PBXBuildFile; fileRef = 0922B0552B10CCC1009CC5FF /* MacVFN.iig */; };
		0922B0692B10CE53009CC5FF /* PCIDriverKit.framework in Frameworks */ = {isa = PBXBuildFile; fileRef = 0922B0652B10CE46009CC5FF /* PCIDriverKit.framework */; };
		0922B06A2B10CE53009CC5FF /* PCIDriverKit.framework in Embed Frameworks */ = {isa = PBXBuildFile; fileRef = 0922B0652B10CE46009CC5FF /* PCIDriverKit.framework */; settings = {ATTRIBUTES = (CodeSignOnCopy, RemoveHeadersOnCopy, ); }; };
		09F93E532B10E115004694A2 /* AppDelegate.m in Sources */ = {isa = PBXBuildFile; fileRef = 09F93E522B10E115004694A2 /* AppDelegate.m */; };
		09F93E552B10E116004694A2 /* Assets.xcassets in Resources */ = {isa = PBXBuildFile; fileRef = 09F93E542B10E116004694A2 /* Assets.xcassets */; };
		09F93E582B10E116004694A2 /* MainMenu.xib in Resources */ = {isa = PBXBuildFile; fileRef = 09F93E562B10E116004694A2 /* MainMenu.xib */; };
		09F93E5A2B10E116004694A2 /* main.m in Sources */ = {isa = PBXBuildFile; fileRef = 09F93E592B10E116004694A2 /* main.m */; };
		09F93E612B10E3E5004694A2 /* com.openmpdk.MacVFN.dext in Embed System Extensions */ = {isa = PBXBuildFile; fileRef = 0922B04D2B10CCC1009CC5FF /* com.openmpdk.MacVFN.dext */; settings = {ATTRIBUTES = (RemoveHeadersOnCopy, ); }; };
/* End PBXBuildFile section */

/* Begin PBXContainerItemProxy section */
		09F93E5F2B10E11B004694A2 /* PBXContainerItemProxy */ = {
			isa = PBXContainerItemProxy;
			containerPortal = 0922B0442B10CCC1009CC5FF /* Project object */;
			proxyType = 1;
			remoteGlobalIDString = 0922B04C2B10CCC1009CC5FF;
			remoteInfo = MacVFN;
		};
		09F93E622B10E3E5004694A2 /* PBXContainerItemProxy */ = {
			isa = PBXContainerItemProxy;
			containerPortal = 0922B0442B10CCC1009CC5FF /* Project object */;
			proxyType = 1;
			remoteGlobalIDString = 0922B04C2B10CCC1009CC5FF;
			remoteInfo = MacVFN;
		};
/* End PBXContainerItemProxy section */

/* Begin PBXCopyFilesBuildPhase section */
		0922B06B2B10CE53009CC5FF /* Embed Frameworks */ = {
			isa = PBXCopyFilesBuildPhase;
			buildActionMask = 2147483647;
			dstPath = "";
			dstSubfolderSpec = 10;
			files = (
				0922B06A2B10CE53009CC5FF /* PCIDriverKit.framework in Embed Frameworks */,
			);
			name = "Embed Frameworks";
			runOnlyForDeploymentPostprocessing = 0;
		};
		09F93E642B10E3E5004694A2 /* Embed System Extensions */ = {
			isa = PBXCopyFilesBuildPhase;
			buildActionMask = 2147483647;
			dstPath = "$(SYSTEM_EXTENSIONS_FOLDER_PATH)";
			dstSubfolderSpec = 16;
			files = (
				09F93E612B10E3E5004694A2 /* com.openmpdk.MacVFN.dext in Embed System Extensions */,
			);
			name = "Embed System Extensions";
			runOnlyForDeploymentPostprocessing = 0;
		};
/* End PBXCopyFilesBuildPhase section */

/* Begin PBXFileReference section */
		090B2F902B10D3420079CDF8 /* util.c */ = {isa = PBXFileReference; explicitFileType = sourcecode.cpp.cpp; fileEncoding = 4; path = util.c; sourceTree = "<group>"; };
		090B2F912B10D3420079CDF8 /* types.h */ = {isa = PBXFileReference; fileEncoding = 4; lastKnownFileType = sourcecode.c.h; path = types.h; sourceTree = "<group>"; };
		090B2F922B10D3420079CDF8 /* queue.c */ = {isa = PBXFileReference; explicitFileType = sourcecode.cpp.cpp; fileEncoding = 4; path = queue.c; sourceTree = "<group>"; };
		090B2F932B10D3420079CDF8 /* rq.c */ = {isa = PBXFileReference; explicitFileType = sourcecode.cpp.cpp; fileEncoding = 4; path = rq.c; sourceTree = "<group>"; };
		090B2F952B10D3420079CDF8 /* core.c */ = {isa = PBXFileReference; explicitFileType = sourcecode.cpp.cpp; fileEncoding = 4; path = core.c; sourceTree = "<group>"; };
		090B2FAA2B10D3420079CDF8 /* mem.c */ = {isa = PBXFileReference; explicitFileType = sourcecode.cpp.cpp; fileEncoding = 4; path = mem.c; sourceTree = "<group>"; };
		090B2FB72B10D3420079CDF8 /* pci.c */ = {isa = PBXFileReference; explicitFileType = sourcecode.cpp.cpp; fileEncoding = 4; path = pci.c; sourceTree = "<group>"; };
		090B2FB82B10D3420079CDF8 /* core.c */ = {isa = PBXFileReference; explicitFileType = sourcecode.cpp.cpp; fileEncoding = 4; path = core.c; sourceTree = "<group>"; };
		0922B04D2B10CCC1009CC5FF /* com.openmpdk.MacVFN.dext */ = {isa = PBXFileReference; explicitFileType = "wrapper.driver-extension"; includeInIndex = 0; path = com.openmpdk.MacVFN.dext; sourceTree = BUILT_PRODUCTS_DIR; };
		0922B0502B10CCC1009CC5FF /* DriverKit.framework */ = {isa = PBXFileReference; lastKnownFileType = wrapper.framework; name = DriverKit.framework; path = Library/Frameworks/DriverKit.framework; sourceTree = DEVELOPER_DIR; };
		0922B0532B10CCC1009CC5FF /* MacVFN.cpp */ = {isa = PBXFileReference; lastKnownFileType = sourcecode.cpp.cpp; path = MacVFN.cpp; sourceTree = "<group>"; };
		0922B0552B10CCC1009CC5FF /* MacVFN.iig */ = {isa = PBXFileReference; lastKnownFileType = sourcecode.iig; path = MacVFN.iig; sourceTree = "<group>"; };
		0922B0572B10CCC1009CC5FF /* Info.plist */ = {isa = PBXFileReference; lastKnownFileType = text.plist.xml; path = Info.plist; sourceTree = "<group>"; };
		0922B05E2B10CE46009CC5FF /* HIDDriverKit.framework */ = {isa = PBXFileReference; lastKnownFileType = wrapper.framework; path = HIDDriverKit.framework; sourceTree = "<group>"; };
		0922B05F2B10CE46009CC5FF /* SCSIPeripheralsDriverKit.framework */ = {isa = PBXFileReference; lastKnownFileType = wrapper.framework; path = SCSIPeripheralsDriverKit.framework; sourceTree = "<group>"; };
		0922B0602B10CE46009CC5FF /* DriverKit.framework */ = {isa = PBXFileReference; lastKnownFileType = wrapper.framework; path = DriverKit.framework; sourceTree = "<group>"; };
		0922B0612B10CE46009CC5FF /* BlockStorageDeviceDriverKit.framework */ = {isa = PBXFileReference; lastKnownFileType = wrapper.framework; path = BlockStorageDeviceDriverKit.framework; sourceTree = "<group>"; };
		0922B0622B10CE46009CC5FF /* SerialDriverKit.framework */ = {isa = PBXFileReference; lastKnownFileType = wrapper.framework; path = SerialDriverKit.framework; sourceTree = "<group>"; };
		0922B0632B10CE46009CC5FF /* NetworkingDriverKit.framework */ = {isa = PBXFileReference; lastKnownFileType = wrapper.framework; path = NetworkingDriverKit.framework; sourceTree = "<group>"; };
		0922B0642B10CE46009CC5FF /* AudioDriverKit.framework */ = {isa = PBXFileReference; lastKnownFileType = wrapper.framework; path = AudioDriverKit.framework; sourceTree = "<group>"; };
		0922B0652B10CE46009CC5FF /* PCIDriverKit.framework */ = {isa = PBXFileReference; lastKnownFileType = wrapper.framework; path = PCIDriverKit.framework; sourceTree = "<group>"; };
		0922B0662B10CE46009CC5FF /* USBSerialDriverKit.framework */ = {isa = PBXFileReference; lastKnownFileType = wrapper.framework; path = USBSerialDriverKit.framework; sourceTree = "<group>"; };
		0922B0672B10CE46009CC5FF /* SCSIControllerDriverKit.framework */ = {isa = PBXFileReference; lastKnownFileType = wrapper.framework; path = SCSIControllerDriverKit.framework; sourceTree = "<group>"; };
		0922B0682B10CE46009CC5FF /* USBDriverKit.framework */ = {isa = PBXFileReference; lastKnownFileType = wrapper.framework; path = USBDriverKit.framework; sourceTree = "<group>"; };
		09F93E4F2B10E115004694A2 /* MacVFNInstaller.app */ = {isa = PBXFileReference; explicitFileType = wrapper.application; includeInIndex = 0; path = MacVFNInstaller.app; sourceTree = BUILT_PRODUCTS_DIR; };
		09F93E512B10E115004694A2 /* AppDelegate.h */ = {isa = PBXFileReference; lastKnownFileType = sourcecode.c.h; path = AppDelegate.h; sourceTree = "<group>"; };
		09F93E522B10E115004694A2 /* AppDelegate.m */ = {isa = PBXFileReference; lastKnownFileType = sourcecode.c.objc; path = AppDelegate.m; sourceTree = "<group>"; };
		09F93E542B10E116004694A2 /* Assets.xcassets */ = {isa = PBXFileReference; lastKnownFileType = folder.assetcatalog; path = Assets.xcassets; sourceTree = "<group>"; };
		09F93E572B10E116004694A2 /* Base */ = {isa = PBXFileReference; lastKnownFileType = file.xib; name = Base; path = Base.lproj/MainMenu.xib; sourceTree = "<group>"; };
		09F93E592B10E116004694A2 /* main.m */ = {isa = PBXFileReference; lastKnownFileType = sourcecode.c.objc; path = main.m; sourceTree = "<group>"; };
		09F93E5B2B10E116004694A2 /* MacVFNInstaller.entitlements */ = {isa = PBXFileReference; lastKnownFileType = text.plist.entitlements; path = MacVFNInstaller.entitlements; sourceTree = "<group>"; };
/* End PBXFileReference section */

/* Begin PBXFrameworksBuildPhase section */
		0922B04A2B10CCC1009CC5FF /* Frameworks */ = {
			isa = PBXFrameworksBuildPhase;
			buildActionMask = 2147483647;
			files = (
				0922B0692B10CE53009CC5FF /* PCIDriverKit.framework in Frameworks */,
				0922B0512B10CCC1009CC5FF /* DriverKit.framework in Frameworks */,
			);
			runOnlyForDeploymentPostprocessing = 0;
		};
		09F93E4C2B10E115004694A2 /* Frameworks */ = {
			isa = PBXFrameworksBuildPhase;
			buildActionMask = 2147483647;
			files = (
			);
			runOnlyForDeploymentPostprocessing = 0;
		};
/* End PBXFrameworksBuildPhase section */

/* Begin PBXGroup section */
		090B2F892B10D32E0079CDF8 /* libvfn */ = {
			isa = PBXGroup;
			children = (
				090B2F8A2B10D3420079CDF8 /* src */,
			);
			path = libvfn;
			sourceTree = "<group>";
		};
		090B2F8A2B10D3420079CDF8 /* src */ = {
			isa = PBXGroup;
			children = (
				090B2F8F2B10D3420079CDF8 /* nvme */,
				090B2FA42B10D3420079CDF8 /* support */,
				090B2FB52B10D3420079CDF8 /* driverkit */,
			);
			path = src;
			sourceTree = "<group>";
		};
		090B2F8F2B10D3420079CDF8 /* nvme */ = {
			isa = PBXGroup;
			children = (
				090B2F902B10D3420079CDF8 /* util.c */,
				090B2F912B10D3420079CDF8 /* types.h */,
				090B2F922B10D3420079CDF8 /* queue.c */,
				090B2F932B10D3420079CDF8 /* rq.c */,
				090B2F952B10D3420079CDF8 /* core.c */,
			);
			path = nvme;
			sourceTree = "<group>";
		};
		090B2FA42B10D3420079CDF8 /* support */ = {
			isa = PBXGroup;
			children = (
				090B2FA82B10D3420079CDF8 /* platform */,
			);
			path = support;
			sourceTree = "<group>";
		};
		090B2FA82B10D3420079CDF8 /* platform */ = {
			isa = PBXGroup;
			children = (
				090B2FA92B10D3420079CDF8 /* macos */,
			);
			path = platform;
			sourceTree = "<group>";
		};
		090B2FA92B10D3420079CDF8 /* macos */ = {
			isa = PBXGroup;
			children = (
				090B2FAA2B10D3420079CDF8 /* mem.c */,
			);
			path = macos;
			sourceTree = "<group>";
		};
		090B2FB52B10D3420079CDF8 /* driverkit */ = {
			isa = PBXGroup;
			children = (
				090B2FB72B10D3420079CDF8 /* pci.c */,
				090B2FB82B10D3420079CDF8 /* core.c */,
			);
			path = driverkit;
			sourceTree = "<group>";
		};
		0922B0432B10CCC1009CC5FF = {
			isa = PBXGroup;
			children = (
				0922B0522B10CCC1009CC5FF /* MacVFN */,
				09F93E502B10E115004694A2 /* MacVFNInstaller */,
				0922B04F2B10CCC1009CC5FF /* Frameworks */,
				0922B04E2B10CCC1009CC5FF /* Products */,
			);
			sourceTree = "<group>";
		};
		0922B04E2B10CCC1009CC5FF /* Products */ = {
			isa = PBXGroup;
			children = (
				0922B04D2B10CCC1009CC5FF /* com.openmpdk.MacVFN.dext */,
				09F93E4F2B10E115004694A2 /* MacVFNInstaller.app */,
			);
			name = Products;
			sourceTree = "<group>";
		};
		0922B04F2B10CCC1009CC5FF /* Frameworks */ = {
			isa = PBXGroup;
			children = (
				0922B05D2B10CE46009CC5FF /* Frameworks */,
				0922B0502B10CCC1009CC5FF /* DriverKit.framework */,
			);
			name = Frameworks;
			sourceTree = "<group>";
		};
		0922B0522B10CCC1009CC5FF /* MacVFN */ = {
			isa = PBXGroup;
			children = (
				090B2F892B10D32E0079CDF8 /* libvfn */,
				0922B0532B10CCC1009CC5FF /* MacVFN.cpp */,
				0922B0552B10CCC1009CC5FF /* MacVFN.iig */,
				0922B0572B10CCC1009CC5FF /* Info.plist */,
			);
			path = MacVFN;
			sourceTree = "<group>";
		};
		0922B05D2B10CE46009CC5FF /* Frameworks */ = {
			isa = PBXGroup;
			children = (
				0922B05E2B10CE46009CC5FF /* HIDDriverKit.framework */,
				0922B05F2B10CE46009CC5FF /* SCSIPeripheralsDriverKit.framework */,
				0922B0602B10CE46009CC5FF /* DriverKit.framework */,
				0922B0612B10CE46009CC5FF /* BlockStorageDeviceDriverKit.framework */,
				0922B0622B10CE46009CC5FF /* SerialDriverKit.framework */,
				0922B0632B10CE46009CC5FF /* NetworkingDriverKit.framework */,
				0922B0642B10CE46009CC5FF /* AudioDriverKit.framework */,
				0922B0652B10CE46009CC5FF /* PCIDriverKit.framework */,
				0922B0662B10CE46009CC5FF /* USBSerialDriverKit.framework */,
				0922B0672B10CE46009CC5FF /* SCSIControllerDriverKit.framework */,
				0922B0682B10CE46009CC5FF /* USBDriverKit.framework */,
			);
			name = Frameworks;
			path = Platforms/DriverKit.platform/Developer/SDKs/DriverKit.sdk/System/DriverKit/System/Library/Frameworks;
			sourceTree = DEVELOPER_DIR;
		};
		09F93E502B10E115004694A2 /* MacVFNInstaller */ = {
			isa = PBXGroup;
			children = (
				09F93E512B10E115004694A2 /* AppDelegate.h */,
				09F93E522B10E115004694A2 /* AppDelegate.m */,
				09F93E542B10E116004694A2 /* Assets.xcassets */,
				09F93E562B10E116004694A2 /* MainMenu.xib */,
				09F93E592B10E116004694A2 /* main.m */,
				09F93E5B2B10E116004694A2 /* MacVFNInstaller.entitlements */,
			);
			path = MacVFNInstaller;
			sourceTree = "<group>";
		};
/* End PBXGroup section */

/* Begin PBXHeadersBuildPhase section */
		0922B0482B10CCC1009CC5FF /* Headers */ = {
			isa = PBXHeadersBuildPhase;
			buildActionMask = 2147483647;
			files = (
				090B2FBD2B10D3420079CDF8 /* types.h in Headers */,
			);
			runOnlyForDeploymentPostprocessing = 0;
		};
/* End PBXHeadersBuildPhase section */

/* Begin PBXNativeTarget section */
		0922B04C2B10CCC1009CC5FF /* MacVFN */ = {
			isa = PBXNativeTarget;
			buildConfigurationList = 0922B05A2B10CCC1009CC5FF /* Build configuration list for PBXNativeTarget "MacVFN" */;
			buildPhases = (
				0922B0482B10CCC1009CC5FF /* Headers */,
				0922B0492B10CCC1009CC5FF /* Sources */,
				0922B04A2B10CCC1009CC5FF /* Frameworks */,
				0922B04B2B10CCC1009CC5FF /* Resources */,
				0922B06B2B10CE53009CC5FF /* Embed Frameworks */,
			);
			buildRules = (
			);
			dependencies = (
			);
			name = MacVFN;
			productName = MacVFN;
			productReference = 0922B04D2B10CCC1009CC5FF /* com.openmpdk.MacVFN.dext */;
			productType = "com.apple.product-type.driver-extension";
		};
		09F93E4E2B10E115004694A2 /* MacVFNInstaller */ = {
			isa = PBXNativeTarget;
			buildConfigurationList = 09F93E5E2B10E116004694A2 /* Build configuration list for PBXNativeTarget "MacVFNInstaller" */;
			buildPhases = (
				09F93E4B2B10E115004694A2 /* Sources */,
				09F93E4C2B10E115004694A2 /* Frameworks */,
				09F93E4D2B10E115004694A2 /* Resources */,
				09F93E642B10E3E5004694A2 /* Embed System Extensions */,
			);
			buildRules = (
			);
			dependencies = (
				09F93E602B10E11B004694A2 /* PBXTargetDependency */,
				09F93E632B10E3E5004694A2 /* PBXTargetDependency */,
			);
			name = MacVFNInstaller;
			productName = MacVFNInstaller;
			productReference = 09F93E4F2B10E115004694A2 /* MacVFNInstaller.app */;
			productType = "com.apple.product-type.application";
		};
/* End PBXNativeTarget section */

/* Begin PBXProject section */
		0922B0442B10CCC1009CC5FF /* Project object */ = {
			isa = PBXProject;
			attributes = {
				BuildIndependentTargetsInParallel = 1;
				LastUpgradeCheck = 1500;
				TargetAttributes = {
					0922B04C2B10CCC1009CC5FF = {
						CreatedOnToolsVersion = 15.0.1;
					};
					09F93E4E2B10E115004694A2 = {
						CreatedOnToolsVersion = 15.0.1;
					};
				};
			};
			buildConfigurationList = 0922B0472B10CCC1009CC5FF /* Build configuration list for PBXProject "MacVFN" */;
			compatibilityVersion = "Xcode 14.0";
			developmentRegion = en;
			hasScannedForEncodings = 0;
			knownRegions = (
				en,
				Base,
			);
			mainGroup = 0922B0432B10CCC1009CC5FF;
			productRefGroup = 0922B04E2B10CCC1009CC5FF /* Products */;
			projectDirPath = "";
			projectRoot = "";
			targets = (
				0922B04C2B10CCC1009CC5FF /* MacVFN */,
				09F93E4E2B10E115004694A2 /* MacVFNInstaller */,
			);
		};
/* End PBXProject section */

/* Begin PBXResourcesBuildPhase section */
		0922B04B2B10CCC1009CC5FF /* Resources */ = {
			isa = PBXResourcesBuildPhase;
			buildActionMask = 2147483647;
			files = (
			);
			runOnlyForDeploymentPostprocessing = 0;
		};
		09F93E4D2B10E115004694A2 /* Resources */ = {
			isa = PBXResourcesBuildPhase;
			buildActionMask = 2147483647;
			files = (
				09F93E552B10E116004694A2 /* Assets.xcassets in Resources */,
				09F93E582B10E116004694A2 /* MainMenu.xib in Resources */,
			);
			runOnlyForDeploymentPostprocessing = 0;
		};
/* End PBXResourcesBuildPhase section */

/* Begin PBXSourcesBuildPhase section */
		0922B0492B10CCC1009CC5FF /* Sources */ = {
			isa = PBXSourcesBuildPhase;
			buildActionMask = 2147483647;
			files = (
				090B2FDA2B10D3420079CDF8 /* pci.c in Sources */,
				090B2FD12B10D3420079CDF8 /* mem.c in Sources */,
				090B2FC12B10D3420079CDF8 /* core.c in Sources */,
				090B2FBC2B10D3420079CDF8 /* util.c in Sources */,
				090B2FDB2B10D3420079CDF8 /* core.c in Sources */,
				090B2FBF2B10D3420079CDF8 /* rq.c in Sources */,
				090B2FBE2B10D3420079CDF8 /* queue.c in Sources */,
				0922B0562B10CCC1009CC5FF /* MacVFN.iig in Sources */,
				0922B0542B10CCC1009CC5FF /* MacVFN.cpp in Sources */,
			);
			runOnlyForDeploymentPostprocessing = 0;
		};
		09F93E4B2B10E115004694A2 /* Sources */ = {
			isa = PBXSourcesBuildPhase;
			buildActionMask = 2147483647;
			files = (
				09F93E5A2B10E116004694A2 /* main.m in Sources */,
				09F93E532B10E115004694A2 /* AppDelegate.m in Sources */,
			);
			runOnlyForDeploymentPostprocessing = 0;
		};
/* End PBXSourcesBuildPhase section */

/* Begin PBXTargetDependency section */
		09F93E602B10E11B004694A2 /* PBXTargetDependency */ = {
			isa = PBXTargetDependency;
			target = 0922B04C2B10CCC1009CC5FF /* MacVFN */;
			targetProxy = 09F93E5F2B10E11B004694A2 /* PBXContainerItemProxy */;
		};
		09F93E632B10E3E5004694A2 /* PBXTargetDependency */ = {
			isa = PBXTargetDependency;
			target = 0922B04C2B10CCC1009CC5FF /* MacVFN */;
			targetProxy = 09F93E622B10E3E5004694A2 /* PBXContainerItemProxy */;
		};
/* End PBXTargetDependency section */

/* Begin PBXVariantGroup section */
		09F93E562B10E116004694A2 /* MainMenu.xib */ = {
			isa = PBXVariantGroup;
			children = (
				09F93E572B10E116004694A2 /* Base */,
			);
			name = MainMenu.xib;
			sourceTree = "<group>";
		};
/* End PBXVariantGroup section */

/* Begin XCBuildConfiguration section */
		0922B0582B10CCC1009CC5FF /* Debug */ = {
			isa = XCBuildConfiguration;
			buildSettings = {
				ALWAYS_SEARCH_USER_PATHS = NO;
				ASSETCATALOG_COMPILER_GENERATE_SWIFT_ASSET_SYMBOL_EXTENSIONS = YES;
				CLANG_ANALYZER_NONNULL = YES;
				CLANG_ANALYZER_NUMBER_OBJECT_CONVERSION = YES_AGGRESSIVE;
				CLANG_CXX_LANGUAGE_STANDARD = "gnu++20";
				CLANG_ENABLE_MODULES = YES;
				CLANG_ENABLE_OBJC_ARC = YES;
				CLANG_ENABLE_OBJC_WEAK = YES;
				CLANG_WARN_BLOCK_CAPTURE_AUTORELEASING = YES;
				CLANG_WARN_BOOL_CONVERSION = YES;
				CLANG_WARN_COMMA = YES;
				CLANG_WARN_CONSTANT_CONVERSION = YES;
				CLANG_WARN_DEPRECATED_OBJC_IMPLEMENTATIONS = YES;
				CLANG_WARN_DIRECT_OBJC_ISA_USAGE = YES_ERROR;
				CLANG_WARN_DOCUMENTATION_COMMENTS = YES;
				CLANG_WARN_EMPTY_BODY = YES;
				CLANG_WARN_ENUM_CONVERSION = YES;
				CLANG_WARN_INFINITE_RECURSION = YES;
				CLANG_WARN_INT_CONVERSION = YES;
				CLANG_WARN_NON_LITERAL_NULL_CONVERSION = YES;
				CLANG_WARN_OBJC_IMPLICIT_RETAIN_SELF = YES;
				CLANG_WARN_OBJC_LITERAL_CONVERSION = YES;
				CLANG_WARN_OBJC_ROOT_CLASS = YES_ERROR;
				CLANG_WARN_QUOTED_INCLUDE_IN_FRAMEWORK_HEADER = YES;
				CLANG_WARN_RANGE_LOOP_ANALYSIS = YES;
				CLANG_WARN_STRICT_PROTOTYPES = YES;
				CLANG_WARN_SUSPICIOUS_MOVE = YES;
				CLANG_WARN_UNGUARDED_AVAILABILITY = YES_AGGRESSIVE;
				CLANG_WARN_UNREACHABLE_CODE = YES;
				CLANG_WARN__DUPLICATE_METHOD_MATCH = YES;
				COPY_PHASE_STRIP = NO;
				DEBUG_INFORMATION_FORMAT = dwarf;
				DRIVERKIT_DEPLOYMENT_TARGET = 23.0;
				ENABLE_STRICT_OBJC_MSGSEND = YES;
				ENABLE_TESTABILITY = YES;
				ENABLE_USER_SCRIPT_SANDBOXING = YES;
				GCC_C_LANGUAGE_STANDARD = gnu17;
				GCC_DYNAMIC_NO_PIC = NO;
				GCC_NO_COMMON_BLOCKS = YES;
				GCC_OPTIMIZATION_LEVEL = 0;
				GCC_PREPROCESSOR_DEFINITIONS = (
					"DEBUG=1",
					"$(inherited)",
				);
				GCC_WARN_64_TO_32_BIT_CONVERSION = YES;
				GCC_WARN_ABOUT_RETURN_TYPE = YES_ERROR;
				GCC_WARN_UNDECLARED_SELECTOR = YES;
				GCC_WARN_UNINITIALIZED_AUTOS = YES_AGGRESSIVE;
				GCC_WARN_UNUSED_FUNCTION = YES;
				GCC_WARN_UNUSED_VARIABLE = YES;
				LOCALIZATION_PREFERS_STRING_CATALOGS = YES;
				MTL_ENABLE_DEBUG_INFO = INCLUDE_SOURCE;
				MTL_FAST_MATH = YES;
				ONLY_ACTIVE_ARCH = YES;
				SDKROOT = driverkit;
			};
			name = Debug;
		};
		0922B0592B10CCC1009CC5FF /* Release */ = {
			isa = XCBuildConfiguration;
			buildSettings = {
				ALWAYS_SEARCH_USER_PATHS = NO;
				ASSETCATALOG_COMPILER_GENERATE_SWIFT_ASSET_SYMBOL_EXTENSIONS = YES;
				CLANG_ANALYZER_NONNULL = YES;
				CLANG_ANALYZER_NUMBER_OBJECT_CONVERSION = YES_AGGRESSIVE;
				CLANG_CXX_LANGUAGE_STANDARD = "gnu++20";
				CLANG_ENABLE_MODULES = YES;
				CLANG_ENABLE_OBJC_ARC = YES;
				CLANG_ENABLE_OBJC_WEAK = YES;
				CLANG_WARN_BLOCK_CAPTURE_AUTORELEASING = YES;
				CLANG_WARN_BOOL_CONVERSION = YES;
				CLANG_WARN_COMMA = YES;
				CLANG_WARN_CONSTANT_CONVERSION = YES;
				CLANG_WARN_DEPRECATED_OBJC_IMPLEMENTATIONS = YES;
				CLANG_WARN_DIRECT_OBJC_ISA_USAGE = YES_ERROR;
				CLANG_WARN_DOCUMENTATION_COMMENTS = YES;
				CLANG_WARN_EMPTY_BODY = YES;
				CLANG_WARN_ENUM_CONVERSION = YES;
				CLANG_WARN_INFINITE_RECURSION = YES;
				CLANG_WARN_INT_CONVERSION = YES;
				CLANG_WARN_NON_LITERAL_NULL_CONVERSION = YES;
				CLANG_WARN_OBJC_IMPLICIT_RETAIN_SELF = YES;
				CLANG_WARN_OBJC_LITERAL_CONVERSION = YES;
				CLANG_WARN_OBJC_ROOT_CLASS = YES_ERROR;
				CLANG_WARN_QUOTED_INCLUDE_IN_FRAMEWORK_HEADER = YES;
				CLANG_WARN_RANGE_LOOP_ANALYSIS = YES;
				CLANG_WARN_STRICT_PROTOTYPES = YES;
				CLANG_WARN_SUSPICIOUS_MOVE = YES;
				CLANG_WARN_UNGUARDED_AVAILABILITY = YES_AGGRESSIVE;
				CLANG_WARN_UNREACHABLE_CODE = YES;
				CLANG_WARN__DUPLICATE_METHOD_MATCH = YES;
				COPY_PHASE_STRIP = NO;
				DEBUG_INFORMATION_FORMAT = "dwarf-with-dsym";
				DRIVERKIT_DEPLOYMENT_TARGET = 23.0;
				ENABLE_NS_ASSERTIONS = NO;
				ENABLE_STRICT_OBJC_MSGSEND = YES;
				ENABLE_USER_SCRIPT_SANDBOXING = YES;
				GCC_C_LANGUAGE_STANDARD = gnu17;
				GCC_NO_COMMON_BLOCKS = YES;
				GCC_WARN_64_TO_32_BIT_CONVERSION = YES;
				GCC_WARN_ABOUT_RETURN_TYPE = YES_ERROR;
				GCC_WARN_UNDECLARED_SELECTOR = YES;
				GCC_WARN_UNINITIALIZED_AUTOS = YES_AGGRESSIVE;
				GCC_WARN_UNUSED_FUNCTION = YES;
				GCC_WARN_UNUSED_VARIABLE = YES;
				LOCALIZATION_PREFERS_STRING_CATALOGS = YES;
				MTL_ENABLE_DEBUG_INFO = NO;
				MTL_FAST_MATH = YES;
				SDKROOT = driverkit;
			};
			name = Release;
		};
		0922B05B2B10CCC1009CC5FF /* Debug */ = {
			isa = XCBuildConfiguration;
			buildSettings = {
				CODE_SIGN_IDENTITY = "";
				CODE_SIGN_INJECT_BASE_ENTITLEMENTS = NO;
				CODE_SIGN_STYLE = Manual;
				CURRENT_PROJECT_VERSION = 1;
				DEVELOPMENT_TEAM = "";
				GENERATE_INFOPLIST_FILE = YES;
				INFOPLIST_FILE = MacVFN/Info.plist;
				MARKETING_VERSION = 1.0;
				OTHER_CFLAGS = (
					"-I",
					"\"${SRCROOT}/MacVFN/libvfn/include/\"",
					"-I",
					"\"${SRCROOT}/MacVFN/libvfn/ccan/\"",
					"-I",
					"\"${SRCROOT}/MacVFN/libvfn/build/ccan/\"",
				);
				PRODUCT_BUNDLE_IDENTIFIER = com.openmpdk.MacVFN;
				PRODUCT_NAME = "$(inherited)";
				PROVISIONING_PROFILE_SPECIFIER = "";
				RUN_CLANG_STATIC_ANALYZER = YES;
				SKIP_INSTALL = YES;
				SWIFT_EMIT_LOC_STRINGS = YES;
			};
			name = Debug;
		};
		0922B05C2B10CCC1009CC5FF /* Release */ = {
			isa = XCBuildConfiguration;
			buildSettings = {
				CODE_SIGN_IDENTITY = "";
				CODE_SIGN_INJECT_BASE_ENTITLEMENTS = NO;
				CODE_SIGN_STYLE = Manual;
				CURRENT_PROJECT_VERSION = 1;
				DEVELOPMENT_TEAM = "";
				GENERATE_INFOPLIST_FILE = YES;
				INFOPLIST_FILE = MacVFN/Info.plist;
				MARKETING_VERSION = 1.0;
				OTHER_CFLAGS = (
					"-I",
					"\"${SRCROOT}/MacVFN/libvfn/include/\"",
					"-I",
					"\"${SRCROOT}/MacVFN/libvfn/ccan/\"",
					"-I",
					"\"${SRCROOT}/MacVFN/libvfn/build/ccan/\"",
				);
				PRODUCT_BUNDLE_IDENTIFIER = com.openmpdk.MacVFN;
				PRODUCT_NAME = "$(inherited)";
				PROVISIONING_PROFILE_SPECIFIER = "";
				RUN_CLANG_STATIC_ANALYZER = YES;
				SKIP_INSTALL = YES;
				SWIFT_EMIT_LOC_STRINGS = YES;
			};
			name = Release;
		};
		09F93E5C2B10E116004694A2 /* Debug */ = {
			isa = XCBuildConfiguration;
			buildSettings = {
				ASSETCATALOG_COMPILER_APPICON_NAME = AppIcon;
				ASSETCATALOG_COMPILER_GLOBAL_ACCENT_COLOR_NAME = AccentColor;
				CODE_SIGN_ENTITLEMENTS = MacVFNInstaller/MacVFNInstaller.entitlements;
				CODE_SIGN_IDENTITY = "";
				CODE_SIGN_STYLE = Manual;
				COMBINE_HIDPI_IMAGES = YES;
				CURRENT_PROJECT_VERSION = 1;
				DEVELOPMENT_TEAM = "";
				GENERATE_INFOPLIST_FILE = YES;
				INFOPLIST_KEY_NSHumanReadableCopyright = "";
				INFOPLIST_KEY_NSMainNibFile = MainMenu;
				INFOPLIST_KEY_NSPrincipalClass = NSApplication;
				LD_RUNPATH_SEARCH_PATHS = (
					"$(inherited)",
					"@executable_path/../Frameworks",
				);
				MACOSX_DEPLOYMENT_TARGET = 14.0;
				MARKETING_VERSION = 1.0;
				PRODUCT_BUNDLE_IDENTIFIER = com.openmpdk.MacVFNInstaller;
				PRODUCT_NAME = "$(TARGET_NAME)";
				PROVISIONING_PROFILE_SPECIFIER = "";
				SDKROOT = macosx;
				SWIFT_EMIT_LOC_STRINGS = YES;
			};
			name = Debug;
		};
		09F93E5D2B10E116004694A2 /* Release */ = {
			isa = XCBuildConfiguration;
			buildSettings = {
				ASSETCATALOG_COMPILER_APPICON_NAME = AppIcon;
				ASSETCATALOG_COMPILER_GLOBAL_ACCENT_COLOR_NAME = AccentColor;
				CODE_SIGN_ENTITLEMENTS = MacVFNInstaller/MacVFNInstaller.entitlements;
				CODE_SIGN_IDENTITY = "";
				CODE_SIGN_STYLE = Manual;
				COMBINE_HIDPI_IMAGES = YES;
				CURRENT_PROJECT_VERSION = 1;
				DEVELOPMENT_TEAM = "";
				GENERATE_INFOPLIST_FILE = YES;
				INFOPLIST_KEY_NSHumanReadableCopyright = "";
				INFOPLIST_KEY_NSMainNibFile = MainMenu;
				INFOPLIST_KEY_NSPrincipalClass = NSApplication;
				LD_RUNPATH_SEARCH_PATHS = (
					"$(inherited)",
					"@executable_path/../Frameworks",
				);
				MACOSX_DEPLOYMENT_TARGET = 14.0;
				MARKETING_VERSION = 1.0;
				PRODUCT_BUNDLE_IDENTIFIER = com.openmpdk.MacVFNInstaller;
				PRODUCT_NAME = "$(TARGET_NAME)";
				PROVISIONING_PROFILE_SPECIFIER = "";
				SDKROOT = macosx;
				SWIFT_EMIT_LOC_STRINGS = YES;
			};
			name = Release;
		};
/* End XCBuildConfiguration section */

/* Begin XCConfigurationList section */
		0922B0472B10CCC1009CC5FF /* Build configuration list for PBXProject "MacVFN" */ = {
			isa = XCConfigurationList;
			buildConfigurations = (
				0922B0582B10CCC1009CC5FF /* Debug */,
				0922B0592B10CCC1009CC5FF /* Release */,
			);
			defaultConfigurationIsVisible = 0;
			defaultConfigurationName = Release;
		};
		0922B05A2B10CCC1009CC5FF /* Build configuration list for PBXNativeTarget "MacVFN" */ = {
			isa = XCConfigurationList;
			buildConfigurations = (
				0922B05B2B10CCC1009CC5FF /* Debug */,
				0922B05C2B10CCC1009CC5FF /* Release */,
			);
			defaultConfigurationIsVisible = 0;
			defaultConfigurationName = Release;
		};
		09F93E5E2B10E116004694A2 /* Build configuration list for PBXNativeTarget "MacVFNInstaller" */ = {
			isa = XCConfigurationList;
			buildConfigurations = (
				09F93E5C2B10E116004694A2 /* Debug */,
				09F93E5D2B10E116004694A2 /* Release */,
			);
			defaultConfigurationIsVisible = 0;
			defaultConfigurationName = Release;
		};
/* End XCConfigurationList section */
	};
	rootObject = 0922B0442B10CCC1009CC5FF /* Project object */;
}
